
Microsoft Visual Studio Solution File, Format Version 12.00
# Visual Studio Version 17
VisualStudioVersion = 17.5.33414.496
MinimumVisualStudioVersion = 10.0.40219.1
Project("{9A19103F-16F7-4668-BE54-9A1E7A4F7556}") = "Library", "Library\Library.csproj", "{117DCD9E-1685-4248-810D-F0A1952CCFDF}"
EndProject
Global
	GlobalSection(SolutionConfigurationPlatforms) = preSolution
		Debug|Any CPU = Debug|Any CPU
		Release|Any CPU = Release|Any CPU
	EndGlobalSection
	GlobalSection(ProjectConfigurationPlatforms) = postSolution
		{117DCD9E-1685-4248-810D-F0A1952CCFDF}.Debug|Any CPU.ActiveCfg = Debug|Any CPU
		{117DCD9E-1685-4248-810D-F0A1952CCFDF}.Debug|Any CPU.Build.0 = Debug|Any CPU
		{117DCD9E-1685-4248-810D-F0A1952CCFDF}.Release|Any CPU.ActiveCfg = Release|Any CPU
		{117DCD9E-1685-4248-810D-F0A1952CCFDF}.Release|Any CPU.Build.0 = Release|Any CPU
	EndGlobalSection
	GlobalSection(SolutionProperties) = preSolution
		HideSolutionNode = FALSE
	EndGlobalSection
	GlobalSection(ExtensibilityGlobals) = postSolution
		SolutionGuid = {1A0E7F1A-6A39-461C-8F00-43AE17A5634A}
	EndGlobalSection
EndGlobal
